
Microsoft Visual Studio Solution File, Format Version 12.00
# Visual Studio Version 17
VisualStudioVersion = 17.0.31903.59
MinimumVisualStudioVersion = 10.0.40219.1
Project("{2150E333-8FDC-42A3-9474-1A3956D46DE8}") = "src", "src", "{827E0CD3-B72D-47B6-A68D-7590B98EB39B}"
EndProject
Project("{2150E333-8FDC-42A3-9474-1A3956D46DE8}") = "tools", "tools", "{C054DD5D-3EA1-4F6C-BD7B-BF1DC7A1C329}"
EndProject
Project("{FAE04EC0-301F-11D3-BF4B-00C04F79EFBC}") = "Xoderony.Text", "src\Xoderony.Text\Xoderony.Text.csproj", "{D5D9882F-A957-4BAC-945C-A59308C6F785}"
EndProject
Project("{FAE04EC0-301F-11D3-BF4B-00C04F79EFBC}") = "Xoderony.Logging", "src\Xoderony.Logging\Xoderony.Logging.csproj", "{808F22F4-ED4E-4307-8E54-16C820B43C1A}"
EndProject
Project("{FAE04EC0-301F-11D3-BF4B-00C04F79EFBC}") = "Xoderony.Logging.Unity", "src\Xoderony.Logging.Unity\Xoderony.Logging.Unity.csproj", "{2D51C81D-14E3-4E9C-A4C5-6A8C9157D3B2}"
EndProject
Project("{FAE04EC0-301F-11D3-BF4B-00C04F79EFBC}") = "Xoderony.Localization", "src\Xoderony.Localization\Xoderony.Localization.csproj", "{EA6EAA2C-9550-48A0-B1E3-A4A4591ECC3C}"
EndProject
Project("{FAE04EC0-301F-11D3-BF4B-00C04F79EFBC}") = "Xoderony.Localization.Tooling", "src\Xoderony.Localization.Tooling\Xoderony.Localization.Tooling.csproj", "{E67B7CC4-52B2-464C-9C3E-7E4B4DA1A671}"
EndProject
Project("{FAE04EC0-301F-11D3-BF4B-00C04F79EFBC}") = "Xoderony.Localization.Json", "src\Xoderony.Localization.Json\Xoderony.Localization.Json.csproj", "{B3F7C12A-6B6A-47F2-AFF4-3BA47F415F41}"
EndProject
Project("{FAE04EC0-301F-11D3-BF4B-00C04F79EFBC}") = "Xoderony.Localization.Editor", "tools\Xoderony.Localization.Editor\Xoderony.Localization.Editor.csproj", "{7E1DDBF7-0CA1-4C2E-A883-527F3037A92E}"
EndProject
Project("{FAE04EC0-301F-11D3-BF4B-00C04F79EFBC}") = "Xoderony.Localization.SourceGeneration", "tools\Xoderony.Localization.SourceGeneration\Xoderony.Localization.SourceGeneration.csproj", "{71A54ECB-0A28-4FD0-B99A-A2D5DEBE2FF2}"
EndProject
Project("{2150E333-8FDC-42A3-9474-1A3956D46DE8}") = "tests", "tests", "{0AB3BF05-4346-4AA6-1389-037BE0695223}"
EndProject
Project("{FAE04EC0-301F-11D3-BF4B-00C04F79EFBC}") = "Xoderony.Logging.Tests", "tests\Xoderony.Logging.Tests\Xoderony.Logging.Tests.csproj", "{95BB78CE-2A1A-419D-9CD7-051BF39A7C78}"
EndProject
Project("{FAE04EC0-301F-11D3-BF4B-00C04F79EFBC}") = "Xoderony.Localization.Tests", "tests\Xoderony.Localization.Tests\Xoderony.Localization.Tests.csproj", "{84D50994-4B5F-4930-BFC2-E63EC018616B}"
EndProject
Project("{FAE04EC0-301F-11D3-BF4B-00C04F79EFBC}") = "Xoderony.Localization.Tooling.Tests", "tests\Xoderony.Localization.Tooling.Tests\Xoderony.Localization.Tooling.Tests.csproj", "{5B49D68D-ED63-4EE1-A9D5-26D121DE36C1}"
EndProject
Project("{FAE04EC0-301F-11D3-BF4B-00C04F79EFBC}") = "Xoderony.Localization.Json.Tests", "tests\Xoderony.Localization.Json.Tests\Xoderony.Localization.Json.Tests.csproj", "{D71E83F4-4F08-4C82-B9CB-13379C623C54}"
EndProject
Project("{FAE04EC0-301F-11D3-BF4B-00C04F79EFBC}") = "Xoderony.Localization.Editor.Tests", "tests\Xoderony.Localization.Editor.Tests\Xoderony.Localization.Editor.Tests.csproj", "{8C97F4F9-1D5D-4C94-A128-14F16AE1E8F2}"
EndProject
Project("{FAE04EC0-301F-11D3-BF4B-00C04F79EFBC}") = "Xoderony.Localization.SourceGeneration.Tests", "tests\Xoderony.Localization.SourceGeneration.Tests\Xoderony.Localization.SourceGeneration.Tests.csproj", "{88B5D6B0-9CA1-4A8A-A31D-24B2946B8669}"
EndProject
Project("{FAE04EC0-301F-11D3-BF4B-00C04F79EFBC}") = "Xoderony.Modding", "src\Xoderony.Modding\Xoderony.Modding.csproj", "{C65DEBC0-76BF-456A-B5DA-0C3E6F2DBA94}"
EndProject
Project("{FAE04EC0-301F-11D3-BF4B-00C04F79EFBC}") = "Xoderony.Modding.Tests", "tests\Xoderony.Modding.Tests\Xoderony.Modding.Tests.csproj", "{02E32314-AB9A-400B-8036-99ACAC7583FA}"
EndProject
Project("{FAE04EC0-301F-11D3-BF4B-00C04F79EFBC}") = "Xoderony.Channels", "src\Xoderony.Channels\Xoderony.Channels.csproj", "{0B0DA317-D643-4700-9AA3-1771FEDEA166}"
EndProject
Project("{FAE04EC0-301F-11D3-BF4B-00C04F79EFBC}") = "Xoderony.Serialization", "src\Xoderony.Serialization\Xoderony.Serialization.csproj", "{965E5C25-DC66-44E5-A189-81CD9B7D26BE}"
EndProject
Project("{FAE04EC0-301F-11D3-BF4B-00C04F79EFBC}") = "Xoderony.ObjectPool", "src\Xoderony.ObjectPool\Xoderony.ObjectPool.csproj", "{D30CC5C9-9129-4467-863C-AB964F0E4C48}"
EndProject
Project("{FAE04EC0-301F-11D3-BF4B-00C04F79EFBC}") = "Xoderony.Collections", "src\Xoderony.Collections\Xoderony.Collections.csproj", "{289ED9EB-70F8-44F2-9618-CDFF10A5719F}"
EndProject
Project("{FAE04EC0-301F-11D3-BF4B-00C04F79EFBC}") = "Xoderony.Numerics", "src\Xoderony.Numerics\Xoderony.Numerics.csproj", "{1DE04654-C9AC-4C75-AB58-BBD452F5503E}"
EndProject
Project("{FAE04EC0-301F-11D3-BF4B-00C04F79EFBC}") = "Xoderony.Channels.Tests", "tests\Xoderony.Channels.Tests\Xoderony.Channels.Tests.csproj", "{0A4FF1CD-3378-4403-83A4-66459817860E}"
EndProject
Project("{FAE04EC0-301F-11D3-BF4B-00C04F79EFBC}") = "Xoderony.Collections.Tests", "tests\Xoderony.Collections.Tests\Xoderony.Collections.Tests.csproj", "{EDDA6E88-B137-4B89-A0E2-9CAE78CB96EB}"
EndProject
Project("{FAE04EC0-301F-11D3-BF4B-00C04F79EFBC}") = "Xoderony.Numerics.Tests", "tests\Xoderony.Numerics.Tests\Xoderony.Numerics.Tests.csproj", "{5B874592-126C-401D-AC94-221DD9177B0B}"
EndProject
Project("{FAE04EC0-301F-11D3-BF4B-00C04F79EFBC}") = "Xoderony.ObjectPool.Tests", "tests\Xoderony.ObjectPool.Tests\Xoderony.ObjectPool.Tests.csproj", "{74E2BBD5-9D7A-488A-806C-566A39990441}"
EndProject
Project("{FAE04EC0-301F-11D3-BF4B-00C04F79EFBC}") = "Xoderony.Numerics.Unity.Editor", "src\Xoderony.Numerics.Unity.Editor\Xoderony.Numerics.Unity.Editor.csproj", "{4D611826-2A95-4A16-9344-1E139284C552}"
EndProject
Global
	GlobalSection(SolutionConfigurationPlatforms) = preSolution
		Debug|Any CPU = Debug|Any CPU
		Debug|x64 = Debug|x64
		Debug|x86 = Debug|x86
		Release|Any CPU = Release|Any CPU
		Release|x64 = Release|x64
		Release|x86 = Release|x86
	EndGlobalSection
	GlobalSection(ProjectConfigurationPlatforms) = postSolution
		{4D611826-2A95-4A16-9344-1E139284C552}.Debug|Any CPU.ActiveCfg = Debug|Any CPU
		{4D611826-2A95-4A16-9344-1E139284C552}.Debug|Any CPU.Build.0 = Debug|Any CPU
		{4D611826-2A95-4A16-9344-1E139284C552}.Debug|x64.ActiveCfg = Debug|Any CPU
		{4D611826-2A95-4A16-9344-1E139284C552}.Debug|x64.Build.0 = Debug|Any CPU
		{4D611826-2A95-4A16-9344-1E139284C552}.Debug|x86.ActiveCfg = Debug|Any CPU
		{4D611826-2A95-4A16-9344-1E139284C552}.Debug|x86.Build.0 = Debug|Any CPU
		{4D611826-2A95-4A16-9344-1E139284C552}.Release|Any CPU.ActiveCfg = Release|Any CPU
		{4D611826-2A95-4A16-9344-1E139284C552}.Release|Any CPU.Build.0 = Release|Any CPU
		{4D611826-2A95-4A16-9344-1E139284C552}.Release|x64.ActiveCfg = Release|Any CPU
		{4D611826-2A95-4A16-9344-1E139284C552}.Release|x64.Build.0 = Release|Any CPU
		{4D611826-2A95-4A16-9344-1E139284C552}.Release|x86.ActiveCfg = Release|Any CPU
		{4D611826-2A95-4A16-9344-1E139284C552}.Release|x86.Build.0 = Release|Any CPU
		{0B0DA317-D643-4700-9AA3-1771FEDEA166}.Debug|Any CPU.ActiveCfg = Debug|Any CPU
		{0B0DA317-D643-4700-9AA3-1771FEDEA166}.Debug|Any CPU.Build.0 = Debug|Any CPU
		{0B0DA317-D643-4700-9AA3-1771FEDEA166}.Debug|x64.ActiveCfg = Debug|Any CPU
		{0B0DA317-D643-4700-9AA3-1771FEDEA166}.Debug|x64.Build.0 = Debug|Any CPU
		{0B0DA317-D643-4700-9AA3-1771FEDEA166}.Debug|x86.ActiveCfg = Debug|Any CPU
		{0B0DA317-D643-4700-9AA3-1771FEDEA166}.Debug|x86.Build.0 = Debug|Any CPU
		{0B0DA317-D643-4700-9AA3-1771FEDEA166}.Release|Any CPU.ActiveCfg = Release|Any CPU
		{0B0DA317-D643-4700-9AA3-1771FEDEA166}.Release|Any CPU.Build.0 = Release|Any CPU
		{0B0DA317-D643-4700-9AA3-1771FEDEA166}.Release|x64.ActiveCfg = Release|Any CPU
		{0B0DA317-D643-4700-9AA3-1771FEDEA166}.Release|x64.Build.0 = Release|Any CPU
		{0B0DA317-D643-4700-9AA3-1771FEDEA166}.Release|x86.ActiveCfg = Release|Any CPU
		{0B0DA317-D643-4700-9AA3-1771FEDEA166}.Release|x86.Build.0 = Release|Any CPU
		{965E5C25-DC66-44E5-A189-81CD9B7D26BE}.Debug|Any CPU.ActiveCfg = Debug|Any CPU
		{965E5C25-DC66-44E5-A189-81CD9B7D26BE}.Debug|Any CPU.Build.0 = Debug|Any CPU
		{965E5C25-DC66-44E5-A189-81CD9B7D26BE}.Debug|x64.ActiveCfg = Debug|Any CPU
		{965E5C25-DC66-44E5-A189-81CD9B7D26BE}.Debug|x64.Build.0 = Debug|Any CPU
		{965E5C25-DC66-44E5-A189-81CD9B7D26BE}.Debug|x86.ActiveCfg = Debug|Any CPU
		{965E5C25-DC66-44E5-A189-81CD9B7D26BE}.Debug|x86.Build.0 = Debug|Any CPU
		{965E5C25-DC66-44E5-A189-81CD9B7D26BE}.Release|Any CPU.ActiveCfg = Release|Any CPU
		{965E5C25-DC66-44E5-A189-81CD9B7D26BE}.Release|Any CPU.Build.0 = Release|Any CPU
		{965E5C25-DC66-44E5-A189-81CD9B7D26BE}.Release|x64.ActiveCfg = Release|Any CPU
		{965E5C25-DC66-44E5-A189-81CD9B7D26BE}.Release|x64.Build.0 = Release|Any CPU
		{965E5C25-DC66-44E5-A189-81CD9B7D26BE}.Release|x86.ActiveCfg = Release|Any CPU
		{965E5C25-DC66-44E5-A189-81CD9B7D26BE}.Release|x86.Build.0 = Release|Any CPU
		{D30CC5C9-9129-4467-863C-AB964F0E4C48}.Debug|Any CPU.ActiveCfg = Debug|Any CPU
		{D30CC5C9-9129-4467-863C-AB964F0E4C48}.Debug|Any CPU.Build.0 = Debug|Any CPU
		{D30CC5C9-9129-4467-863C-AB964F0E4C48}.Debug|x64.ActiveCfg = Debug|Any CPU
		{D30CC5C9-9129-4467-863C-AB964F0E4C48}.Debug|x64.Build.0 = Debug|Any CPU
		{D30CC5C9-9129-4467-863C-AB964F0E4C48}.Debug|x86.ActiveCfg = Debug|Any CPU
		{D30CC5C9-9129-4467-863C-AB964F0E4C48}.Debug|x86.Build.0 = Debug|Any CPU
		{D30CC5C9-9129-4467-863C-AB964F0E4C48}.Release|Any CPU.ActiveCfg = Release|Any CPU
		{D30CC5C9-9129-4467-863C-AB964F0E4C48}.Release|Any CPU.Build.0 = Release|Any CPU
		{D30CC5C9-9129-4467-863C-AB964F0E4C48}.Release|x64.ActiveCfg = Release|Any CPU
		{D30CC5C9-9129-4467-863C-AB964F0E4C48}.Release|x64.Build.0 = Release|Any CPU
		{D30CC5C9-9129-4467-863C-AB964F0E4C48}.Release|x86.ActiveCfg = Release|Any CPU
		{D30CC5C9-9129-4467-863C-AB964F0E4C48}.Release|x86.Build.0 = Release|Any CPU
		{289ED9EB-70F8-44F2-9618-CDFF10A5719F}.Debug|Any CPU.ActiveCfg = Debug|Any CPU
		{289ED9EB-70F8-44F2-9618-CDFF10A5719F}.Debug|Any CPU.Build.0 = Debug|Any CPU
		{289ED9EB-70F8-44F2-9618-CDFF10A5719F}.Debug|x64.ActiveCfg = Debug|Any CPU
		{289ED9EB-70F8-44F2-9618-CDFF10A5719F}.Debug|x64.Build.0 = Debug|Any CPU
		{289ED9EB-70F8-44F2-9618-CDFF10A5719F}.Debug|x86.ActiveCfg = Debug|Any CPU
		{289ED9EB-70F8-44F2-9618-CDFF10A5719F}.Debug|x86.Build.0 = Debug|Any CPU
		{289ED9EB-70F8-44F2-9618-CDFF10A5719F}.Release|Any CPU.ActiveCfg = Release|Any CPU
		{289ED9EB-70F8-44F2-9618-CDFF10A5719F}.Release|Any CPU.Build.0 = Release|Any CPU
		{289ED9EB-70F8-44F2-9618-CDFF10A5719F}.Release|x64.ActiveCfg = Release|Any CPU
		{289ED9EB-70F8-44F2-9618-CDFF10A5719F}.Release|x64.Build.0 = Release|Any CPU
		{289ED9EB-70F8-44F2-9618-CDFF10A5719F}.Release|x86.ActiveCfg = Release|Any CPU
		{289ED9EB-70F8-44F2-9618-CDFF10A5719F}.Release|x86.Build.0 = Release|Any CPU
		{1DE04654-C9AC-4C75-AB58-BBD452F5503E}.Debug|Any CPU.ActiveCfg = Debug|Any CPU
		{1DE04654-C9AC-4C75-AB58-BBD452F5503E}.Debug|Any CPU.Build.0 = Debug|Any CPU
		{1DE04654-C9AC-4C75-AB58-BBD452F5503E}.Debug|x64.ActiveCfg = Debug|Any CPU
		{1DE04654-C9AC-4C75-AB58-BBD452F5503E}.Debug|x64.Build.0 = Debug|Any CPU
		{1DE04654-C9AC-4C75-AB58-BBD452F5503E}.Debug|x86.ActiveCfg = Debug|Any CPU
		{1DE04654-C9AC-4C75-AB58-BBD452F5503E}.Debug|x86.Build.0 = Debug|Any CPU
		{1DE04654-C9AC-4C75-AB58-BBD452F5503E}.Release|Any CPU.ActiveCfg = Release|Any CPU
		{1DE04654-C9AC-4C75-AB58-BBD452F5503E}.Release|Any CPU.Build.0 = Release|Any CPU
		{1DE04654-C9AC-4C75-AB58-BBD452F5503E}.Release|x64.ActiveCfg = Release|Any CPU
		{1DE04654-C9AC-4C75-AB58-BBD452F5503E}.Release|x64.Build.0 = Release|Any CPU
		{1DE04654-C9AC-4C75-AB58-BBD452F5503E}.Release|x86.ActiveCfg = Release|Any CPU
		{1DE04654-C9AC-4C75-AB58-BBD452F5503E}.Release|x86.Build.0 = Release|Any CPU
		{0A4FF1CD-3378-4403-83A4-66459817860E}.Debug|Any CPU.ActiveCfg = Debug|Any CPU
		{0A4FF1CD-3378-4403-83A4-66459817860E}.Debug|Any CPU.Build.0 = Debug|Any CPU
		{0A4FF1CD-3378-4403-83A4-66459817860E}.Debug|x64.ActiveCfg = Debug|Any CPU
		{0A4FF1CD-3378-4403-83A4-66459817860E}.Debug|x64.Build.0 = Debug|Any CPU
		{0A4FF1CD-3378-4403-83A4-66459817860E}.Debug|x86.ActiveCfg = Debug|Any CPU
		{0A4FF1CD-3378-4403-83A4-66459817860E}.Debug|x86.Build.0 = Debug|Any CPU
		{0A4FF1CD-3378-4403-83A4-66459817860E}.Release|Any CPU.ActiveCfg = Release|Any CPU
		{0A4FF1CD-3378-4403-83A4-66459817860E}.Release|Any CPU.Build.0 = Release|Any CPU
		{0A4FF1CD-3378-4403-83A4-66459817860E}.Release|x64.ActiveCfg = Release|Any CPU
		{0A4FF1CD-3378-4403-83A4-66459817860E}.Release|x64.Build.0 = Release|Any CPU
		{0A4FF1CD-3378-4403-83A4-66459817860E}.Release|x86.ActiveCfg = Release|Any CPU
		{0A4FF1CD-3378-4403-83A4-66459817860E}.Release|x86.Build.0 = Release|Any CPU
		{EDDA6E88-B137-4B89-A0E2-9CAE78CB96EB}.Debug|Any CPU.ActiveCfg = Debug|Any CPU
		{EDDA6E88-B137-4B89-A0E2-9CAE78CB96EB}.Debug|Any CPU.Build.0 = Debug|Any CPU
		{EDDA6E88-B137-4B89-A0E2-9CAE78CB96EB}.Debug|x64.ActiveCfg = Debug|Any CPU
		{EDDA6E88-B137-4B89-A0E2-9CAE78CB96EB}.Debug|x64.Build.0 = Debug|Any CPU
		{EDDA6E88-B137-4B89-A0E2-9CAE78CB96EB}.Debug|x86.ActiveCfg = Debug|Any CPU
		{EDDA6E88-B137-4B89-A0E2-9CAE78CB96EB}.Debug|x86.Build.0 = Debug|Any CPU
		{EDDA6E88-B137-4B89-A0E2-9CAE78CB96EB}.Release|Any CPU.ActiveCfg = Release|Any CPU
		{EDDA6E88-B137-4B89-A0E2-9CAE78CB96EB}.Release|Any CPU.Build.0 = Release|Any CPU
		{EDDA6E88-B137-4B89-A0E2-9CAE78CB96EB}.Release|x64.ActiveCfg = Release|Any CPU
		{EDDA6E88-B137-4B89-A0E2-9CAE78CB96EB}.Release|x64.Build.0 = Release|Any CPU
		{EDDA6E88-B137-4B89-A0E2-9CAE78CB96EB}.Release|x86.ActiveCfg = Release|Any CPU
		{EDDA6E88-B137-4B89-A0E2-9CAE78CB96EB}.Release|x86.Build.0 = Release|Any CPU
		{5B874592-126C-401D-AC94-221DD9177B0B}.Debug|Any CPU.ActiveCfg = Debug|Any CPU
		{5B874592-126C-401D-AC94-221DD9177B0B}.Debug|Any CPU.Build.0 = Debug|Any CPU
		{5B874592-126C-401D-AC94-221DD9177B0B}.Debug|x64.ActiveCfg = Debug|Any CPU
		{5B874592-126C-401D-AC94-221DD9177B0B}.Debug|x64.Build.0 = Debug|Any CPU
		{5B874592-126C-401D-AC94-221DD9177B0B}.Debug|x86.ActiveCfg = Debug|Any CPU
		{5B874592-126C-401D-AC94-221DD9177B0B}.Debug|x86.Build.0 = Debug|Any CPU
		{5B874592-126C-401D-AC94-221DD9177B0B}.Release|Any CPU.ActiveCfg = Release|Any CPU
		{5B874592-126C-401D-AC94-221DD9177B0B}.Release|Any CPU.Build.0 = Release|Any CPU
		{5B874592-126C-401D-AC94-221DD9177B0B}.Release|x64.ActiveCfg = Release|Any CPU
		{5B874592-126C-401D-AC94-221DD9177B0B}.Release|x64.Build.0 = Release|Any CPU
		{5B874592-126C-401D-AC94-221DD9177B0B}.Release|x86.ActiveCfg = Release|Any CPU
		{5B874592-126C-401D-AC94-221DD9177B0B}.Release|x86.Build.0 = Release|Any CPU
		{74E2BBD5-9D7A-488A-806C-566A39990441}.Debug|Any CPU.ActiveCfg = Debug|Any CPU
		{74E2BBD5-9D7A-488A-806C-566A39990441}.Debug|Any CPU.Build.0 = Debug|Any CPU
		{74E2BBD5-9D7A-488A-806C-566A39990441}.Debug|x64.ActiveCfg = Debug|Any CPU
		{74E2BBD5-9D7A-488A-806C-566A39990441}.Debug|x64.Build.0 = Debug|Any CPU
		{74E2BBD5-9D7A-488A-806C-566A39990441}.Debug|x86.ActiveCfg = Debug|Any CPU
		{74E2BBD5-9D7A-488A-806C-566A39990441}.Debug|x86.Build.0 = Debug|Any CPU
		{74E2BBD5-9D7A-488A-806C-566A39990441}.Release|Any CPU.ActiveCfg = Release|Any CPU
		{74E2BBD5-9D7A-488A-806C-566A39990441}.Release|Any CPU.Build.0 = Release|Any CPU
		{74E2BBD5-9D7A-488A-806C-566A39990441}.Release|x64.ActiveCfg = Release|Any CPU
		{74E2BBD5-9D7A-488A-806C-566A39990441}.Release|x64.Build.0 = Release|Any CPU
		{74E2BBD5-9D7A-488A-806C-566A39990441}.Release|x86.ActiveCfg = Release|Any CPU
		{74E2BBD5-9D7A-488A-806C-566A39990441}.Release|x86.Build.0 = Release|Any CPU
		{D5D9882F-A957-4BAC-945C-A59308C6F785}.Debug|Any CPU.ActiveCfg = Debug|Any CPU
		{D5D9882F-A957-4BAC-945C-A59308C6F785}.Debug|Any CPU.Build.0 = Debug|Any CPU
		{D5D9882F-A957-4BAC-945C-A59308C6F785}.Debug|x64.ActiveCfg = Debug|Any CPU
		{D5D9882F-A957-4BAC-945C-A59308C6F785}.Debug|x64.Build.0 = Debug|Any CPU
		{D5D9882F-A957-4BAC-945C-A59308C6F785}.Debug|x86.ActiveCfg = Debug|Any CPU
		{D5D9882F-A957-4BAC-945C-A59308C6F785}.Debug|x86.Build.0 = Debug|Any CPU
		{D5D9882F-A957-4BAC-945C-A59308C6F785}.Release|Any CPU.ActiveCfg = Release|Any CPU
		{D5D9882F-A957-4BAC-945C-A59308C6F785}.Release|Any CPU.Build.0 = Release|Any CPU
		{D5D9882F-A957-4BAC-945C-A59308C6F785}.Release|x64.ActiveCfg = Release|Any CPU
		{D5D9882F-A957-4BAC-945C-A59308C6F785}.Release|x64.Build.0 = Release|Any CPU
		{D5D9882F-A957-4BAC-945C-A59308C6F785}.Release|x86.ActiveCfg = Release|Any CPU
		{D5D9882F-A957-4BAC-945C-A59308C6F785}.Release|x86.Build.0 = Release|Any CPU
		{808F22F4-ED4E-4307-8E54-16C820B43C1A}.Debug|Any CPU.ActiveCfg = Debug|Any CPU
		{808F22F4-ED4E-4307-8E54-16C820B43C1A}.Debug|Any CPU.Build.0 = Debug|Any CPU
		{808F22F4-ED4E-4307-8E54-16C820B43C1A}.Debug|x64.ActiveCfg = Debug|Any CPU
		{808F22F4-ED4E-4307-8E54-16C820B43C1A}.Debug|x64.Build.0 = Debug|Any CPU
		{808F22F4-ED4E-4307-8E54-16C820B43C1A}.Debug|x86.ActiveCfg = Debug|Any CPU
		{808F22F4-ED4E-4307-8E54-16C820B43C1A}.Debug|x86.Build.0 = Debug|Any CPU
		{808F22F4-ED4E-4307-8E54-16C820B43C1A}.Release|Any CPU.ActiveCfg = Release|Any CPU
		{808F22F4-ED4E-4307-8E54-16C820B43C1A}.Release|Any CPU.Build.0 = Release|Any CPU
		{808F22F4-ED4E-4307-8E54-16C820B43C1A}.Release|x64.ActiveCfg = Release|Any CPU
		{808F22F4-ED4E-4307-8E54-16C820B43C1A}.Release|x64.Build.0 = Release|Any CPU
		{808F22F4-ED4E-4307-8E54-16C820B43C1A}.Release|x86.ActiveCfg = Release|Any CPU
		{808F22F4-ED4E-4307-8E54-16C820B43C1A}.Release|x86.Build.0 = Release|Any CPU
		{2D51C81D-14E3-4E9C-A4C5-6A8C9157D3B2}.Debug|Any CPU.ActiveCfg = Debug|Any CPU
		{2D51C81D-14E3-4E9C-A4C5-6A8C9157D3B2}.Debug|Any CPU.Build.0 = Debug|Any CPU
		{2D51C81D-14E3-4E9C-A4C5-6A8C9157D3B2}.Debug|x64.ActiveCfg = Debug|Any CPU
		{2D51C81D-14E3-4E9C-A4C5-6A8C9157D3B2}.Debug|x64.Build.0 = Debug|Any CPU
		{2D51C81D-14E3-4E9C-A4C5-6A8C9157D3B2}.Debug|x86.ActiveCfg = Debug|Any CPU
		{2D51C81D-14E3-4E9C-A4C5-6A8C9157D3B2}.Debug|x86.Build.0 = Debug|Any CPU
		{2D51C81D-14E3-4E9C-A4C5-6A8C9157D3B2}.Release|Any CPU.ActiveCfg = Release|Any CPU
		{2D51C81D-14E3-4E9C-A4C5-6A8C9157D3B2}.Release|Any CPU.Build.0 = Release|Any CPU
		{2D51C81D-14E3-4E9C-A4C5-6A8C9157D3B2}.Release|x64.ActiveCfg = Release|Any CPU
		{2D51C81D-14E3-4E9C-A4C5-6A8C9157D3B2}.Release|x64.Build.0 = Release|Any CPU
		{2D51C81D-14E3-4E9C-A4C5-6A8C9157D3B2}.Release|x86.ActiveCfg = Release|Any CPU
		{2D51C81D-14E3-4E9C-A4C5-6A8C9157D3B2}.Release|x86.Build.0 = Release|Any CPU
		{EA6EAA2C-9550-48A0-B1E3-A4A4591ECC3C}.Debug|Any CPU.ActiveCfg = Debug|Any CPU
		{EA6EAA2C-9550-48A0-B1E3-A4A4591ECC3C}.Debug|Any CPU.Build.0 = Debug|Any CPU
		{EA6EAA2C-9550-48A0-B1E3-A4A4591ECC3C}.Debug|x64.ActiveCfg = Debug|Any CPU
		{EA6EAA2C-9550-48A0-B1E3-A4A4591ECC3C}.Debug|x64.Build.0 = Debug|Any CPU
		{EA6EAA2C-9550-48A0-B1E3-A4A4591ECC3C}.Debug|x86.ActiveCfg = Debug|Any CPU
		{EA6EAA2C-9550-48A0-B1E3-A4A4591ECC3C}.Debug|x86.Build.0 = Debug|Any CPU
		{EA6EAA2C-9550-48A0-B1E3-A4A4591ECC3C}.Release|Any CPU.ActiveCfg = Release|Any CPU
		{EA6EAA2C-9550-48A0-B1E3-A4A4591ECC3C}.Release|Any CPU.Build.0 = Release|Any CPU
		{EA6EAA2C-9550-48A0-B1E3-A4A4591ECC3C}.Release|x64.ActiveCfg = Release|Any CPU
		{EA6EAA2C-9550-48A0-B1E3-A4A4591ECC3C}.Release|x64.Build.0 = Release|Any CPU
		{EA6EAA2C-9550-48A0-B1E3-A4A4591ECC3C}.Release|x86.ActiveCfg = Release|Any CPU
		{EA6EAA2C-9550-48A0-B1E3-A4A4591ECC3C}.Release|x86.Build.0 = Release|Any CPU
		{E67B7CC4-52B2-464C-9C3E-7E4B4DA1A671}.Debug|Any CPU.ActiveCfg = Debug|Any CPU
		{E67B7CC4-52B2-464C-9C3E-7E4B4DA1A671}.Debug|Any CPU.Build.0 = Debug|Any CPU
		{E67B7CC4-52B2-464C-9C3E-7E4B4DA1A671}.Debug|x64.ActiveCfg = Debug|Any CPU
		{E67B7CC4-52B2-464C-9C3E-7E4B4DA1A671}.Debug|x64.Build.0 = Debug|Any CPU
		{E67B7CC4-52B2-464C-9C3E-7E4B4DA1A671}.Debug|x86.ActiveCfg = Debug|Any CPU
		{E67B7CC4-52B2-464C-9C3E-7E4B4DA1A671}.Debug|x86.Build.0 = Debug|Any CPU
		{E67B7CC4-52B2-464C-9C3E-7E4B4DA1A671}.Release|Any CPU.ActiveCfg = Release|Any CPU
		{E67B7CC4-52B2-464C-9C3E-7E4B4DA1A671}.Release|Any CPU.Build.0 = Release|Any CPU
		{E67B7CC4-52B2-464C-9C3E-7E4B4DA1A671}.Release|x64.ActiveCfg = Release|Any CPU
		{E67B7CC4-52B2-464C-9C3E-7E4B4DA1A671}.Release|x64.Build.0 = Release|Any CPU
		{E67B7CC4-52B2-464C-9C3E-7E4B4DA1A671}.Release|x86.ActiveCfg = Release|Any CPU
		{E67B7CC4-52B2-464C-9C3E-7E4B4DA1A671}.Release|x86.Build.0 = Release|Any CPU
		{B3F7C12A-6B6A-47F2-AFF4-3BA47F415F41}.Debug|Any CPU.ActiveCfg = Debug|Any CPU
		{B3F7C12A-6B6A-47F2-AFF4-3BA47F415F41}.Debug|Any CPU.Build.0 = Debug|Any CPU
		{B3F7C12A-6B6A-47F2-AFF4-3BA47F415F41}.Debug|x64.ActiveCfg = Debug|Any CPU
		{B3F7C12A-6B6A-47F2-AFF4-3BA47F415F41}.Debug|x64.Build.0 = Debug|Any CPU
		{B3F7C12A-6B6A-47F2-AFF4-3BA47F415F41}.Debug|x86.ActiveCfg = Debug|Any CPU
		{B3F7C12A-6B6A-47F2-AFF4-3BA47F415F41}.Debug|x86.Build.0 = Debug|Any CPU
		{B3F7C12A-6B6A-47F2-AFF4-3BA47F415F41}.Release|Any CPU.ActiveCfg = Release|Any CPU
		{B3F7C12A-6B6A-47F2-AFF4-3BA47F415F41}.Release|Any CPU.Build.0 = Release|Any CPU
		{B3F7C12A-6B6A-47F2-AFF4-3BA47F415F41}.Release|x64.ActiveCfg = Release|Any CPU
		{B3F7C12A-6B6A-47F2-AFF4-3BA47F415F41}.Release|x64.Build.0 = Release|Any CPU
		{B3F7C12A-6B6A-47F2-AFF4-3BA47F415F41}.Release|x86.ActiveCfg = Release|Any CPU
		{B3F7C12A-6B6A-47F2-AFF4-3BA47F415F41}.Release|x86.Build.0 = Release|Any CPU
		{7E1DDBF7-0CA1-4C2E-A883-527F3037A92E}.Debug|Any CPU.ActiveCfg = Debug|Any CPU
		{7E1DDBF7-0CA1-4C2E-A883-527F3037A92E}.Debug|Any CPU.Build.0 = Debug|Any CPU
		{7E1DDBF7-0CA1-4C2E-A883-527F3037A92E}.Debug|x64.ActiveCfg = Debug|Any CPU
		{7E1DDBF7-0CA1-4C2E-A883-527F3037A92E}.Debug|x64.Build.0 = Debug|Any CPU
		{7E1DDBF7-0CA1-4C2E-A883-527F3037A92E}.Debug|x86.ActiveCfg = Debug|Any CPU
		{7E1DDBF7-0CA1-4C2E-A883-527F3037A92E}.Debug|x86.Build.0 = Debug|Any CPU
		{7E1DDBF7-0CA1-4C2E-A883-527F3037A92E}.Release|Any CPU.ActiveCfg = Release|Any CPU
		{7E1DDBF7-0CA1-4C2E-A883-527F3037A92E}.Release|Any CPU.Build.0 = Release|Any CPU
		{7E1DDBF7-0CA1-4C2E-A883-527F3037A92E}.Release|x64.ActiveCfg = Release|Any CPU
		{7E1DDBF7-0CA1-4C2E-A883-527F3037A92E}.Release|x64.Build.0 = Release|Any CPU
		{7E1DDBF7-0CA1-4C2E-A883-527F3037A92E}.Release|x86.ActiveCfg = Release|Any CPU
		{7E1DDBF7-0CA1-4C2E-A883-527F3037A92E}.Release|x86.Build.0 = Release|Any CPU
		{71A54ECB-0A28-4FD0-B99A-A2D5DEBE2FF2}.Debug|Any CPU.ActiveCfg = Debug|Any CPU
		{71A54ECB-0A28-4FD0-B99A-A2D5DEBE2FF2}.Debug|Any CPU.Build.0 = Debug|Any CPU
		{71A54ECB-0A28-4FD0-B99A-A2D5DEBE2FF2}.Debug|x64.ActiveCfg = Debug|Any CPU
		{71A54ECB-0A28-4FD0-B99A-A2D5DEBE2FF2}.Debug|x64.Build.0 = Debug|Any CPU
		{71A54ECB-0A28-4FD0-B99A-A2D5DEBE2FF2}.Debug|x86.ActiveCfg = Debug|Any CPU
		{71A54ECB-0A28-4FD0-B99A-A2D5DEBE2FF2}.Debug|x86.Build.0 = Debug|Any CPU
		{71A54ECB-0A28-4FD0-B99A-A2D5DEBE2FF2}.Release|Any CPU.ActiveCfg = Release|Any CPU
		{71A54ECB-0A28-4FD0-B99A-A2D5DEBE2FF2}.Release|Any CPU.Build.0 = Release|Any CPU
		{71A54ECB-0A28-4FD0-B99A-A2D5DEBE2FF2}.Release|x64.ActiveCfg = Release|Any CPU
		{71A54ECB-0A28-4FD0-B99A-A2D5DEBE2FF2}.Release|x64.Build.0 = Release|Any CPU
		{71A54ECB-0A28-4FD0-B99A-A2D5DEBE2FF2}.Release|x86.ActiveCfg = Release|Any CPU
		{71A54ECB-0A28-4FD0-B99A-A2D5DEBE2FF2}.Release|x86.Build.0 = Release|Any CPU
		{95BB78CE-2A1A-419D-9CD7-051BF39A7C78}.Debug|Any CPU.ActiveCfg = Debug|Any CPU
		{95BB78CE-2A1A-419D-9CD7-051BF39A7C78}.Debug|Any CPU.Build.0 = Debug|Any CPU
		{95BB78CE-2A1A-419D-9CD7-051BF39A7C78}.Debug|x64.ActiveCfg = Debug|Any CPU
		{95BB78CE-2A1A-419D-9CD7-051BF39A7C78}.Debug|x64.Build.0 = Debug|Any CPU
		{95BB78CE-2A1A-419D-9CD7-051BF39A7C78}.Debug|x86.ActiveCfg = Debug|Any CPU
		{95BB78CE-2A1A-419D-9CD7-051BF39A7C78}.Debug|x86.Build.0 = Debug|Any CPU
		{95BB78CE-2A1A-419D-9CD7-051BF39A7C78}.Release|Any CPU.ActiveCfg = Release|Any CPU
		{95BB78CE-2A1A-419D-9CD7-051BF39A7C78}.Release|Any CPU.Build.0 = Release|Any CPU
		{95BB78CE-2A1A-419D-9CD7-051BF39A7C78}.Release|x64.ActiveCfg = Release|Any CPU
		{95BB78CE-2A1A-419D-9CD7-051BF39A7C78}.Release|x64.Build.0 = Release|Any CPU
		{95BB78CE-2A1A-419D-9CD7-051BF39A7C78}.Release|x86.ActiveCfg = Release|Any CPU
		{95BB78CE-2A1A-419D-9CD7-051BF39A7C78}.Release|x86.Build.0 = Release|Any CPU
		{84D50994-4B5F-4930-BFC2-E63EC018616B}.Debug|Any CPU.ActiveCfg = Debug|Any CPU
		{84D50994-4B5F-4930-BFC2-E63EC018616B}.Debug|Any CPU.Build.0 = Debug|Any CPU
		{84D50994-4B5F-4930-BFC2-E63EC018616B}.Debug|x64.ActiveCfg = Debug|Any CPU
		{84D50994-4B5F-4930-BFC2-E63EC018616B}.Debug|x64.Build.0 = Debug|Any CPU
		{84D50994-4B5F-4930-BFC2-E63EC018616B}.Debug|x86.ActiveCfg = Debug|Any CPU
		{84D50994-4B5F-4930-BFC2-E63EC018616B}.Debug|x86.Build.0 = Debug|Any CPU
		{84D50994-4B5F-4930-BFC2-E63EC018616B}.Release|Any CPU.ActiveCfg = Release|Any CPU
		{84D50994-4B5F-4930-BFC2-E63EC018616B}.Release|Any CPU.Build.0 = Release|Any CPU
		{84D50994-4B5F-4930-BFC2-E63EC018616B}.Release|x64.ActiveCfg = Release|Any CPU
		{84D50994-4B5F-4930-BFC2-E63EC018616B}.Release|x64.Build.0 = Release|Any CPU
		{84D50994-4B5F-4930-BFC2-E63EC018616B}.Release|x86.ActiveCfg = Release|Any CPU
		{84D50994-4B5F-4930-BFC2-E63EC018616B}.Release|x86.Build.0 = Release|Any CPU
		{5B49D68D-ED63-4EE1-A9D5-26D121DE36C1}.Debug|Any CPU.ActiveCfg = Debug|Any CPU
		{5B49D68D-ED63-4EE1-A9D5-26D121DE36C1}.Debug|Any CPU.Build.0 = Debug|Any CPU
		{5B49D68D-ED63-4EE1-A9D5-26D121DE36C1}.Debug|x64.ActiveCfg = Debug|Any CPU
		{5B49D68D-ED63-4EE1-A9D5-26D121DE36C1}.Debug|x64.Build.0 = Debug|Any CPU
		{5B49D68D-ED63-4EE1-A9D5-26D121DE36C1}.Debug|x86.ActiveCfg = Debug|Any CPU
		{5B49D68D-ED63-4EE1-A9D5-26D121DE36C1}.Debug|x86.Build.0 = Debug|Any CPU
		{5B49D68D-ED63-4EE1-A9D5-26D121DE36C1}.Release|Any CPU.ActiveCfg = Release|Any CPU
		{5B49D68D-ED63-4EE1-A9D5-26D121DE36C1}.Release|Any CPU.Build.0 = Release|Any CPU
		{5B49D68D-ED63-4EE1-A9D5-26D121DE36C1}.Release|x64.ActiveCfg = Release|Any CPU
		{5B49D68D-ED63-4EE1-A9D5-26D121DE36C1}.Release|x64.Build.0 = Release|Any CPU
		{5B49D68D-ED63-4EE1-A9D5-26D121DE36C1}.Release|x86.ActiveCfg = Release|Any CPU
		{5B49D68D-ED63-4EE1-A9D5-26D121DE36C1}.Release|x86.Build.0 = Release|Any CPU
		{D71E83F4-4F08-4C82-B9CB-13379C623C54}.Debug|Any CPU.ActiveCfg = Debug|Any CPU
		{D71E83F4-4F08-4C82-B9CB-13379C623C54}.Debug|Any CPU.Build.0 = Debug|Any CPU
		{D71E83F4-4F08-4C82-B9CB-13379C623C54}.Debug|x64.ActiveCfg = Debug|Any CPU
		{D71E83F4-4F08-4C82-B9CB-13379C623C54}.Debug|x64.Build.0 = Debug|Any CPU
		{D71E83F4-4F08-4C82-B9CB-13379C623C54}.Debug|x86.ActiveCfg = Debug|Any CPU
		{D71E83F4-4F08-4C82-B9CB-13379C623C54}.Debug|x86.Build.0 = Debug|Any CPU
		{D71E83F4-4F08-4C82-B9CB-13379C623C54}.Release|Any CPU.ActiveCfg = Release|Any CPU
		{D71E83F4-4F08-4C82-B9CB-13379C623C54}.Release|Any CPU.Build.0 = Release|Any CPU
		{D71E83F4-4F08-4C82-B9CB-13379C623C54}.Release|x64.ActiveCfg = Release|Any CPU
		{D71E83F4-4F08-4C82-B9CB-13379C623C54}.Release|x64.Build.0 = Release|Any CPU
		{D71E83F4-4F08-4C82-B9CB-13379C623C54}.Release|x86.ActiveCfg = Release|Any CPU
		{D71E83F4-4F08-4C82-B9CB-13379C623C54}.Release|x86.Build.0 = Release|Any CPU
		{8C97F4F9-1D5D-4C94-A128-14F16AE1E8F2}.Debug|Any CPU.ActiveCfg = Debug|Any CPU
		{8C97F4F9-1D5D-4C94-A128-14F16AE1E8F2}.Debug|Any CPU.Build.0 = Debug|Any CPU
		{8C97F4F9-1D5D-4C94-A128-14F16AE1E8F2}.Debug|x64.ActiveCfg = Debug|Any CPU
		{8C97F4F9-1D5D-4C94-A128-14F16AE1E8F2}.Debug|x64.Build.0 = Debug|Any CPU
		{8C97F4F9-1D5D-4C94-A128-14F16AE1E8F2}.Debug|x86.ActiveCfg = Debug|Any CPU
		{8C97F4F9-1D5D-4C94-A128-14F16AE1E8F2}.Debug|x86.Build.0 = Debug|Any CPU
		{8C97F4F9-1D5D-4C94-A128-14F16AE1E8F2}.Release|Any CPU.ActiveCfg = Release|Any CPU
		{8C97F4F9-1D5D-4C94-A128-14F16AE1E8F2}.Release|Any CPU.Build.0 = Release|Any CPU
		{8C97F4F9-1D5D-4C94-A128-14F16AE1E8F2}.Release|x64.ActiveCfg = Release|Any CPU
		{8C97F4F9-1D5D-4C94-A128-14F16AE1E8F2}.Release|x64.Build.0 = Release|Any CPU
		{8C97F4F9-1D5D-4C94-A128-14F16AE1E8F2}.Release|x86.ActiveCfg = Release|Any CPU
		{8C97F4F9-1D5D-4C94-A128-14F16AE1E8F2}.Release|x86.Build.0 = Release|Any CPU
		{88B5D6B0-9CA1-4A8A-A31D-24B2946B8669}.Debug|Any CPU.ActiveCfg = Debug|Any CPU
		{88B5D6B0-9CA1-4A8A-A31D-24B2946B8669}.Debug|Any CPU.Build.0 = Debug|Any CPU
		{88B5D6B0-9CA1-4A8A-A31D-24B2946B8669}.Debug|x64.ActiveCfg = Debug|Any CPU
		{88B5D6B0-9CA1-4A8A-A31D-24B2946B8669}.Debug|x64.Build.0 = Debug|Any CPU
		{88B5D6B0-9CA1-4A8A-A31D-24B2946B8669}.Debug|x86.ActiveCfg = Debug|Any CPU
		{88B5D6B0-9CA1-4A8A-A31D-24B2946B8669}.Debug|x86.Build.0 = Debug|Any CPU
		{88B5D6B0-9CA1-4A8A-A31D-24B2946B8669}.Release|Any CPU.ActiveCfg = Release|Any CPU
		{88B5D6B0-9CA1-4A8A-A31D-24B2946B8669}.Release|Any CPU.Build.0 = Release|Any CPU
		{88B5D6B0-9CA1-4A8A-A31D-24B2946B8669}.Release|x64.ActiveCfg = Release|Any CPU
		{88B5D6B0-9CA1-4A8A-A31D-24B2946B8669}.Release|x64.Build.0 = Release|Any CPU
		{88B5D6B0-9CA1-4A8A-A31D-24B2946B8669}.Release|x86.ActiveCfg = Release|Any CPU
		{88B5D6B0-9CA1-4A8A-A31D-24B2946B8669}.Release|x86.Build.0 = Release|Any CPU
		{C65DEBC0-76BF-456A-B5DA-0C3E6F2DBA94}.Debug|Any CPU.ActiveCfg = Debug|Any CPU
		{C65DEBC0-76BF-456A-B5DA-0C3E6F2DBA94}.Debug|Any CPU.Build.0 = Debug|Any CPU
		{C65DEBC0-76BF-456A-B5DA-0C3E6F2DBA94}.Debug|x64.ActiveCfg = Debug|Any CPU
		{C65DEBC0-76BF-456A-B5DA-0C3E6F2DBA94}.Debug|x64.Build.0 = Debug|Any CPU
		{C65DEBC0-76BF-456A-B5DA-0C3E6F2DBA94}.Debug|x86.ActiveCfg = Debug|Any CPU
		{C65DEBC0-76BF-456A-B5DA-0C3E6F2DBA94}.Debug|x86.Build.0 = Debug|Any CPU
		{C65DEBC0-76BF-456A-B5DA-0C3E6F2DBA94}.Release|Any CPU.ActiveCfg = Release|Any CPU
		{C65DEBC0-76BF-456A-B5DA-0C3E6F2DBA94}.Release|Any CPU.Build.0 = Release|Any CPU
		{C65DEBC0-76BF-456A-B5DA-0C3E6F2DBA94}.Release|x64.ActiveCfg = Release|Any CPU
		{C65DEBC0-76BF-456A-B5DA-0C3E6F2DBA94}.Release|x64.Build.0 = Release|Any CPU
		{C65DEBC0-76BF-456A-B5DA-0C3E6F2DBA94}.Release|x86.ActiveCfg = Release|Any CPU
		{C65DEBC0-76BF-456A-B5DA-0C3E6F2DBA94}.Release|x86.Build.0 = Release|Any CPU
		{02E32314-AB9A-400B-8036-99ACAC7583FA}.Debug|Any CPU.ActiveCfg = Debug|Any CPU
		{02E32314-AB9A-400B-8036-99ACAC7583FA}.Debug|Any CPU.Build.0 = Debug|Any CPU
		{02E32314-AB9A-400B-8036-99ACAC7583FA}.Debug|x64.ActiveCfg = Debug|Any CPU
		{02E32314-AB9A-400B-8036-99ACAC7583FA}.Debug|x64.Build.0 = Debug|Any CPU
		{02E32314-AB9A-400B-8036-99ACAC7583FA}.Debug|x86.ActiveCfg = Debug|Any CPU
		{02E32314-AB9A-400B-8036-99ACAC7583FA}.Debug|x86.Build.0 = Debug|Any CPU
		{02E32314-AB9A-400B-8036-99ACAC7583FA}.Release|Any CPU.ActiveCfg = Release|Any CPU
		{02E32314-AB9A-400B-8036-99ACAC7583FA}.Release|Any CPU.Build.0 = Release|Any CPU
		{02E32314-AB9A-400B-8036-99ACAC7583FA}.Release|x64.ActiveCfg = Release|Any CPU
		{02E32314-AB9A-400B-8036-99ACAC7583FA}.Release|x64.Build.0 = Release|Any CPU
		{02E32314-AB9A-400B-8036-99ACAC7583FA}.Release|x86.ActiveCfg = Release|Any CPU
		{02E32314-AB9A-400B-8036-99ACAC7583FA}.Release|x86.Build.0 = Release|Any CPU
	EndGlobalSection
	GlobalSection(SolutionProperties) = preSolution
		HideSolutionNode = FALSE
	EndGlobalSection
	GlobalSection(NestedProjects) = preSolution
		{4D611826-2A95-4A16-9344-1E139284C552} = {827E0CD3-B72D-47B6-A68D-7590B98EB39B}
		{0B0DA317-D643-4700-9AA3-1771FEDEA166} = {827E0CD3-B72D-47B6-A68D-7590B98EB39B}
		{965E5C25-DC66-44E5-A189-81CD9B7D26BE} = {827E0CD3-B72D-47B6-A68D-7590B98EB39B}
		{D30CC5C9-9129-4467-863C-AB964F0E4C48} = {827E0CD3-B72D-47B6-A68D-7590B98EB39B}
		{289ED9EB-70F8-44F2-9618-CDFF10A5719F} = {827E0CD3-B72D-47B6-A68D-7590B98EB39B}
		{1DE04654-C9AC-4C75-AB58-BBD452F5503E} = {827E0CD3-B72D-47B6-A68D-7590B98EB39B}
		{0A4FF1CD-3378-4403-83A4-66459817860E} = {0AB3BF05-4346-4AA6-1389-037BE0695223}
		{EDDA6E88-B137-4B89-A0E2-9CAE78CB96EB} = {0AB3BF05-4346-4AA6-1389-037BE0695223}
		{5B874592-126C-401D-AC94-221DD9177B0B} = {0AB3BF05-4346-4AA6-1389-037BE0695223}
		{74E2BBD5-9D7A-488A-806C-566A39990441} = {0AB3BF05-4346-4AA6-1389-037BE0695223}
		{D5D9882F-A957-4BAC-945C-A59308C6F785} = {827E0CD3-B72D-47B6-A68D-7590B98EB39B}
		{808F22F4-ED4E-4307-8E54-16C820B43C1A} = {827E0CD3-B72D-47B6-A68D-7590B98EB39B}
		{2D51C81D-14E3-4E9C-A4C5-6A8C9157D3B2} = {827E0CD3-B72D-47B6-A68D-7590B98EB39B}
		{EA6EAA2C-9550-48A0-B1E3-A4A4591ECC3C} = {827E0CD3-B72D-47B6-A68D-7590B98EB39B}
		{E67B7CC4-52B2-464C-9C3E-7E4B4DA1A671} = {827E0CD3-B72D-47B6-A68D-7590B98EB39B}
		{B3F7C12A-6B6A-47F2-AFF4-3BA47F415F41} = {827E0CD3-B72D-47B6-A68D-7590B98EB39B}
		{7E1DDBF7-0CA1-4C2E-A883-527F3037A92E} = {C054DD5D-3EA1-4F6C-BD7B-BF1DC7A1C329}
		{71A54ECB-0A28-4FD0-B99A-A2D5DEBE2FF2} = {C054DD5D-3EA1-4F6C-BD7B-BF1DC7A1C329}
		{95BB78CE-2A1A-419D-9CD7-051BF39A7C78} = {0AB3BF05-4346-4AA6-1389-037BE0695223}
		{84D50994-4B5F-4930-BFC2-E63EC018616B} = {0AB3BF05-4346-4AA6-1389-037BE0695223}
		{5B49D68D-ED63-4EE1-A9D5-26D121DE36C1} = {0AB3BF05-4346-4AA6-1389-037BE0695223}
		{D71E83F4-4F08-4C82-B9CB-13379C623C54} = {0AB3BF05-4346-4AA6-1389-037BE0695223}
		{8C97F4F9-1D5D-4C94-A128-14F16AE1E8F2} = {0AB3BF05-4346-4AA6-1389-037BE0695223}
		{88B5D6B0-9CA1-4A8A-A31D-24B2946B8669} = {0AB3BF05-4346-4AA6-1389-037BE0695223}
		{C65DEBC0-76BF-456A-B5DA-0C3E6F2DBA94} = {827E0CD3-B72D-47B6-A68D-7590B98EB39B}
		{02E32314-AB9A-400B-8036-99ACAC7583FA} = {0AB3BF05-4346-4AA6-1389-037BE0695223}
	EndGlobalSection
EndGlobal
